<?xml version="1.0" encoding="utf-8"?>
<Project ToolsVersion="4.0" xmlns="http://schemas.microsoft.com/developer/msbuild/2003">
  <ItemGroup>
    <ClCompile Include="DataReader.cpp" />
    <ClCompile Include="main.cpp" />
    <ClCompile Include="HashDictionary.cpp">
      <Filter>Dictionary</Filter>
    </ClCompile>
    <ClCompile Include="TableDictionary.cpp">
      <Filter>Dictionary</Filter>
    </ClCompile>
    <ClCompile Include="Dictionary.cpp">
      <Filter>Dictionary</Filter>
    </ClCompile>
    <ClCompile Include="DataCoder.cpp" />
    <ClCompile Include="LZWEngine.cpp" />
  </ItemGroup>
  <ItemGroup>
    <ClInclude Include="DataReader.h" />
    <ClInclude Include="HashDictionary.h">
      <Filter>Dictionary</Filter>
    </ClInclude>
    <ClInclude Include="TableDictionary.h">
      <Filter>Dictionary</Filter>
    </ClInclude>
    <ClInclude Include="Dictionary.h">
      <Filter>Dictionary</Filter>
    </ClInclude>
    <ClInclude Include="DataCoder.h" />
    <ClInclude Include="defines.h" />
    <ClInclude Include="LZWEngine.h" />
  </ItemGroup>
  <ItemGroup>
    <Filter Include="Dictionary">
      <UniqueIdentifier>{7ab9294c-f94a-440a-bb4f-f80739b8d4c7}</UniqueIdentifier>
    </Filter>
  </ItemGroup>
</Project>